{
  "name": "fly-hive",
  "lockfileVersion": 3,
  "requires": true,
  "packages": {
    "": {
      "dependencies": {
        "@heroui/navbar": "^2.2.17"
      }
    },
    "node_modules/@formatjs/ecma402-abstract": {
      "version": "2.3.4",
      "resolved": "https://registry.npmjs.org/@formatjs/ecma402-abstract/-/ecma402-abstract-2.3.4.tgz",
      "integrity": "sha512-qrycXDeaORzIqNhBOx0btnhpD1c+/qFIHAN9znofuMJX6QBwtbrmlpWfD4oiUUD2vJUOIYFA/gYtg2KAMGG7sA==",
      "license": "MIT",
      "dependencies": {
        "@formatjs/fast-memoize": "2.2.7",
        "@formatjs/intl-localematcher": "0.6.1",
        "decimal.js": "^10.4.3",
        "tslib": "^2.8.0"
      }
    },
    "node_modules/@formatjs/fast-memoize": {
      "version": "2.2.7",
      "resolved": "https://registry.npmjs.org/@formatjs/fast-memoize/-/fast-memoize-2.2.7.tgz",
      "integrity": "sha512-Yabmi9nSvyOMrlSeGGWDiH7rf3a7sIwplbvo/dlz9WCIjzIQAfy1RMf4S0X3yG724n5Ghu2GmEl5NJIV6O9sZQ==",
      "license": "MIT",
      "dependencies": {
        "tslib": "^2.8.0"
      }
    },
    "node_modules/@formatjs/icu-messageformat-parser": {
      "version": "2.11.2",
      "resolved": "https://registry.npmjs.org/@formatjs/icu-messageformat-parser/-/icu-messageformat-parser-2.11.2.tgz",
      "integrity": "sha512-AfiMi5NOSo2TQImsYAg8UYddsNJ/vUEv/HaNqiFjnI3ZFfWihUtD5QtuX6kHl8+H+d3qvnE/3HZrfzgdWpsLNA==",
      "license": "MIT",
      "dependencies": {
        "@formatjs/ecma402-abstract": "2.3.4",
        "@formatjs/icu-skeleton-parser": "1.8.14",
        "tslib": "^2.8.0"
      }
    },
    "node_modules/@formatjs/icu-skeleton-parser": {
      "version": "1.8.14",
      "resolved": "https://registry.npmjs.org/@formatjs/icu-skeleton-parser/-/icu-skeleton-parser-1.8.14.tgz",
      "integrity": "sha512-i4q4V4qslThK4Ig8SxyD76cp3+QJ3sAqr7f6q9VVfeGtxG9OhiAk3y9XF6Q41OymsKzsGQ6OQQoJNY4/lI8TcQ==",
      "license": "MIT",
      "dependencies": {
        "@formatjs/ecma402-abstract": "2.3.4",
        "tslib": "^2.8.0"
      }
    },
    "node_modules/@formatjs/intl-localematcher": {
      "version": "0.6.1",
      "resolved": "https://registry.npmjs.org/@formatjs/intl-localematcher/-/intl-localematcher-0.6.1.tgz",
      "integrity": "sha512-ePEgLgVCqi2BBFnTMWPfIghu6FkbZnnBVhO2sSxvLfrdFw7wCHAHiDoM2h4NRgjbaY7+B7HgOLZGkK187pZTZg==",
      "license": "MIT",
      "dependencies": {
        "tslib": "^2.8.0"
      }
    },
    "node_modules/@heroui/dom-animation": {
      "version": "2.1.8",
      "resolved": "https://registry.npmjs.org/@heroui/dom-animation/-/dom-animation-2.1.8.tgz",
      "integrity": "sha512-88PwAmkF+lodZisF1OB3CuwNs+1sTB5eAfGvXZGUCO/rNZvGIL4KxmxuDM2odb0MJYklMU39+aqCEg/U+x2tEA==",
      "license": "MIT",
      "peerDependencies": {
        "framer-motion": ">=11.5.6 || >=12.0.0-alpha.1"
      }
    },
    "node_modules/@heroui/framer-utils": {
      "version": "2.1.15",
      "resolved": "https://registry.npmjs.org/@heroui/framer-utils/-/framer-utils-2.1.15.tgz",
      "integrity": "sha512-SH6hIz0OrhJrx284Gnp1EpCnNL8Dkt3XFmtHogNsE9ggRwMLy1xKIqyVni0V4ZmUe1DNGKAW9ywHV3onp3pFfg==",
      "license": "MIT",
      "dependencies": {
        "@heroui/shared-utils": "2.1.9",
        "@heroui/system": "2.4.15",
        "@heroui/use-measure": "2.1.7"
      },
      "peerDependencies": {
        "framer-motion": ">=11.5.6 || >=12.0.0-alpha.1",
        "react": ">=18 || >=19.0.0-rc.0",
        "react-dom": ">=18 || >=19.0.0-rc.0"
      }
    },
    "node_modules/@heroui/navbar": {
      "version": "2.2.17",
      "resolved": "https://registry.npmjs.org/@heroui/navbar/-/navbar-2.2.17.tgz",
      "integrity": "sha512-+8iH0arqTSAs64Pnx8yI5nrfpK/kmkD7vR+WlfEy9rwJ1cuWjesvOttadfG2TnoQO3FJ+Wm4GEvwgmgeXMmpnQ==",
      "license": "MIT",
      "dependencies": {
        "@heroui/dom-animation": "2.1.8",
        "@heroui/framer-utils": "2.1.15",
        "@heroui/react-utils": "2.1.10",
        "@heroui/shared-utils": "2.1.9",
        "@heroui/use-scroll-position": "2.1.7",
        "@react-aria/button": "3.13.0",
        "@react-aria/focus": "3.20.2",
        "@react-aria/interactions": "3.25.0",
        "@react-aria/overlays": "3.27.0",
        "@react-aria/utils": "3.28.2",
        "@react-stately/toggle": "3.8.3",
        "@react-stately/utils": "3.10.6"
      },
      "peerDependencies": {
        "@heroui/system": ">=2.4.7",
        "@heroui/theme": ">=2.4.6",
        "framer-motion": ">=11.5.6 || >=12.0.0-alpha.1",
        "react": ">=18 || >=19.0.0-rc.0",
        "react-dom": ">=18 || >=19.0.0-rc.0"
      }
    },
    "node_modules/@heroui/react-rsc-utils": {
      "version": "2.1.7",
      "resolved": "https://registry.npmjs.org/@heroui/react-rsc-utils/-/react-rsc-utils-2.1.7.tgz",
      "integrity": "sha512-NYKKOLs+KHA8v0+PxkkhVXxTD0WNvC4QMlMjUVshzpWhjnOHIrtXjAtqO6XezWmiKNKY76FAjnMZP+Be5+j5uw==",
      "license": "MIT",
      "peerDependencies": {
        "react": ">=18 || >=19.0.0-rc.0"
      }
    },
    "node_modules/@heroui/react-utils": {
      "version": "2.1.10",
      "resolved": "https://registry.npmjs.org/@heroui/react-utils/-/react-utils-2.1.10.tgz",
      "integrity": "sha512-Wj3BSQnNFrDzDnN44vYEwTScMpdbylbZwO8UxIY02AoQCBD5QW7Wf0r2FVlrsrjPjMOVeogwlVvCBYvZz5hHnQ==",
      "license": "MIT",
      "dependencies": {
        "@heroui/react-rsc-utils": "2.1.7",
        "@heroui/shared-utils": "2.1.9"
      },
      "peerDependencies": {
        "react": ">=18 || >=19.0.0-rc.0"
      }
    },
    "node_modules/@heroui/shared-utils": {
      "version": "2.1.9",
      "resolved": "https://registry.npmjs.org/@heroui/shared-utils/-/shared-utils-2.1.9.tgz",
      "integrity": "sha512-mM/Ep914cYMbw3T/b6+6loYhuNfzDaph76mzw/oIS05gw1Dhp9luCziSiIhqDGgzYck2d74oWTZlahyCsxf47w==",
      "hasInstallScript": true,
      "license": "MIT"
    },
    "node_modules/@heroui/system": {
      "version": "2.4.15",
      "resolved": "https://registry.npmjs.org/@heroui/system/-/system-2.4.15.tgz",
      "integrity": "sha512-+QUHscs2RTk5yOFEQXNlQa478P7PTD02ZGP/RTNCviR4E9ZTUifdjfsKA7D4L79S7L8Mkvbz5E2Ruz2ZF0R/IA==",
      "license": "MIT",
      "dependencies": {
        "@heroui/react-utils": "2.1.10",
        "@heroui/system-rsc": "2.3.13",
        "@internationalized/date": "3.8.0",
        "@react-aria/i18n": "3.12.8",
        "@react-aria/overlays": "3.27.0",
        "@react-aria/utils": "3.28.2",
        "@react-stately/utils": "3.10.6",
        "@react-types/datepicker": "3.12.0"
      },
      "peerDependencies": {
        "framer-motion": ">=11.5.6 || >=12.0.0-alpha.1",
        "react": ">=18 || >=19.0.0-rc.0",
        "react-dom": ">=18 || >=19.0.0-rc.0"
      }
    },
    "node_modules/@heroui/system-rsc": {
      "version": "2.3.13",
      "resolved": "https://registry.npmjs.org/@heroui/system-rsc/-/system-rsc-2.3.13.tgz",
      "integrity": "sha512-zLBrDKCoM4o039t3JdfYZAOlHmn4RzI6gxU+Tw8XJIfvUzpGSvR2seY2XJBbKOonmTpILlnw16ZvHF+KG+nN0w==",
      "license": "MIT",
      "dependencies": {
        "@react-types/shared": "3.29.0",
        "clsx": "^1.2.1"
      },
      "peerDependencies": {
        "@heroui/theme": ">=2.4.6",
        "react": ">=18 || >=19.0.0-rc.0"
      }
    },
    "node_modules/@heroui/theme": {
      "version": "2.4.15",
      "resolved": "https://registry.npmjs.org/@heroui/theme/-/theme-2.4.15.tgz",
      "integrity": "sha512-cP1N9Rqj5wzsKLpEzNdJQRjX2g9AuCZbRNaIuIGnztqmmGtP3Yykt1RzeQ4ukCdSDjk/PmV8XneTu8OC8Cs8HA==",
      "license": "MIT",
      "peer": true,
      "dependencies": {
        "@heroui/shared-utils": "2.1.9",
        "clsx": "^1.2.1",
        "color": "^4.2.3",
        "color2k": "^2.0.3",
        "deepmerge": "4.3.1",
        "flat": "^5.0.2",
        "tailwind-merge": "2.5.4",
        "tailwind-variants": "0.3.0"
      },
      "peerDependencies": {
        "tailwindcss": ">=3.4.0"
      }
    },
    "node_modules/@heroui/use-measure": {
      "version": "2.1.7",
      "resolved": "https://registry.npmjs.org/@heroui/use-measure/-/use-measure-2.1.7.tgz",
      "integrity": "sha512-H586tr/bOH08MAufeiT35E1QmF8SPQy5Ghmat1Bb+vh/6KZ5S0K0o95BE2to7sXE9UCJWa7nDFuizXAGbveSiA==",
      "license": "MIT",
      "peerDependencies": {
        "react": ">=18 || >=19.0.0-rc.0"
      }
    },
    "node_modules/@heroui/use-scroll-position": {
      "version": "2.1.7",
      "resolved": "https://registry.npmjs.org/@heroui/use-scroll-position/-/use-scroll-position-2.1.7.tgz",
      "integrity": "sha512-c91Elycrq51nhpWqFIEBy04P+KBJjnEz4u1+1c7txnjs/k0FOD5EBD8+Jf8GJbh4WYp5N936XFvCcE7gB1C9JQ==",
      "license": "MIT",
      "peerDependencies": {
        "react": ">=18 || >=19.0.0-rc.0"
      }
    },
    "node_modules/@internationalized/date": {
      "version": "3.8.0",
      "resolved": "https://registry.npmjs.org/@internationalized/date/-/date-3.8.0.tgz",
      "integrity": "sha512-J51AJ0fEL68hE4CwGPa6E0PO6JDaVLd8aln48xFCSy7CZkZc96dGEGmLs2OEEbBxcsVZtfrqkXJwI2/MSG8yKw==",
      "license": "Apache-2.0",
      "dependencies": {
        "@swc/helpers": "^0.5.0"
      }
    },
    "node_modules/@internationalized/message": {
      "version": "3.1.7",
      "resolved": "https://registry.npmjs.org/@internationalized/message/-/message-3.1.7.tgz",
      "integrity": "sha512-gLQlhEW4iO7DEFPf/U7IrIdA3UyLGS0opeqouaFwlMObLUzwexRjbygONHDVbC9G9oFLXsLyGKYkJwqXw/QADg==",
      "license": "Apache-2.0",
      "dependencies": {
        "@swc/helpers": "^0.5.0",
        "intl-messageformat": "^10.1.0"
      }
    },
    "node_modules/@internationalized/number": {
      "version": "3.6.2",
      "resolved": "https://registry.npmjs.org/@internationalized/number/-/number-3.6.2.tgz",
      "integrity": "sha512-E5QTOlMg9wo5OrKdHD6edo1JJlIoOsylh0+mbf0evi1tHJwMZfJSaBpGtnJV9N7w3jeiioox9EG/EWRWPh82vg==",
      "license": "Apache-2.0",
      "dependencies": {
        "@swc/helpers": "^0.5.0"
      }
    },
    "node_modules/@internationalized/string": {
      "version": "3.2.6",
      "resolved": "https://registry.npmjs.org/@internationalized/string/-/string-3.2.6.tgz",
      "integrity": "sha512-LR2lnM4urJta5/wYJVV7m8qk5DrMZmLRTuFhbQO5b9/sKLHgty6unQy1Li4+Su2DWydmB4aZdS5uxBRXIq2aAw==",
      "license": "Apache-2.0",
      "dependencies": {
        "@swc/helpers": "^0.5.0"
      }
    },
    "node_modules/@react-aria/button": {
      "version": "3.13.0",
      "resolved": "https://registry.npmjs.org/@react-aria/button/-/button-3.13.0.tgz",
      "integrity": "sha512-BEcTQb7Q8ZrAtn0scPDv/ErZoGC1FI0sLk0UTPGskuh/RV9ZZGFbuSWTqOwV8w5CS6VMvPjH6vaE8hS7sb5DIw==",
      "license": "Apache-2.0",
      "dependencies": {
        "@react-aria/interactions": "^3.25.0",
        "@react-aria/toolbar": "3.0.0-beta.15",
        "@react-aria/utils": "^3.28.2",
        "@react-stately/toggle": "^3.8.3",
        "@react-types/button": "^3.12.0",
        "@react-types/shared": "^3.29.0",
        "@swc/helpers": "^0.5.0"
      },
      "peerDependencies": {
        "react": "^16.8.0 || ^17.0.0-rc.1 || ^18.0.0 || ^19.0.0-rc.1",
        "react-dom": "^16.8.0 || ^17.0.0-rc.1 || ^18.0.0 || ^19.0.0-rc.1"
      }
    },
    "node_modules/@react-aria/focus": {
      "version": "3.20.2",
      "resolved": "https://registry.npmjs.org/@react-aria/focus/-/focus-3.20.2.tgz",
      "integrity": "sha512-Q3rouk/rzoF/3TuH6FzoAIKrl+kzZi9LHmr8S5EqLAOyP9TXIKG34x2j42dZsAhrw7TbF9gA8tBKwnCNH4ZV+Q==",
      "license": "Apache-2.0",
      "dependencies": {
        "@react-aria/interactions": "^3.25.0",
        "@react-aria/utils": "^3.28.2",
        "@react-types/shared": "^3.29.0",
        "@swc/helpers": "^0.5.0",
        "clsx": "^2.0.0"
      },
      "peerDependencies": {
        "react": "^16.8.0 || ^17.0.0-rc.1 || ^18.0.0 || ^19.0.0-rc.1",
        "react-dom": "^16.8.0 || ^17.0.0-rc.1 || ^18.0.0 || ^19.0.0-rc.1"
      }
    },
    "node_modules/@react-aria/focus/node_modules/clsx": {
      "version": "2.1.1",
      "resolved": "https://registry.npmjs.org/clsx/-/clsx-2.1.1.tgz",
      "integrity": "sha512-eYm0QWBtUrBWZWG0d386OGAw16Z995PiOVo2B7bjWSbHedGl5e0ZWaq65kOGgUSNesEIDkB9ISbTg/JK9dhCZA==",
      "license": "MIT",
      "engines": {
        "node": ">=6"
      }
    },
    "node_modules/@react-aria/i18n": {
      "version": "3.12.8",
      "resolved": "https://registry.npmjs.org/@react-aria/i18n/-/i18n-3.12.8.tgz",
      "integrity": "sha512-V/Nau9WuwTwxfFffQL4URyKyY2HhRlu9zmzkF2Hw/j5KmEQemD+9jfaLueG2CJu85lYL06JrZXUdnhZgKnqMkA==",
      "license": "Apache-2.0",
      "dependencies": {
        "@internationalized/date": "^3.8.0",
        "@internationalized/message": "^3.1.7",
        "@internationalized/number": "^3.6.1",
        "@internationalized/string": "^3.2.6",
        "@react-aria/ssr": "^3.9.8",
        "@react-aria/utils": "^3.28.2",
        "@react-types/shared": "^3.29.0",
        "@swc/helpers": "^0.5.0"
      },
      "peerDependencies": {
        "react": "^16.8.0 || ^17.0.0-rc.1 || ^18.0.0 || ^19.0.0-rc.1",
        "react-dom": "^16.8.0 || ^17.0.0-rc.1 || ^18.0.0 || ^19.0.0-rc.1"
      }
    },
    "node_modules/@react-aria/interactions": {
      "version": "3.25.0",
      "resolved": "https://registry.npmjs.org/@react-aria/interactions/-/interactions-3.25.0.tgz",
      "integrity": "sha512-GgIsDLlO8rDU/nFn6DfsbP9rfnzhm8QFjZkB9K9+r+MTSCn7bMntiWQgMM+5O6BiA8d7C7x4zuN4bZtc0RBdXQ==",
      "license": "Apache-2.0",
      "dependencies": {
        "@react-aria/ssr": "^3.9.8",
        "@react-aria/utils": "^3.28.2",
        "@react-stately/flags": "^3.1.1",
        "@react-types/shared": "^3.29.0",
        "@swc/helpers": "^0.5.0"
      },
      "peerDependencies": {
        "react": "^16.8.0 || ^17.0.0-rc.1 || ^18.0.0 || ^19.0.0-rc.1",
        "react-dom": "^16.8.0 || ^17.0.0-rc.1 || ^18.0.0 || ^19.0.0-rc.1"
      }
    },
    "node_modules/@react-aria/overlays": {
      "version": "3.27.0",
      "resolved": "https://registry.npmjs.org/@react-aria/overlays/-/overlays-3.27.0.tgz",
      "integrity": "sha512-2vZVgL7FrloN5Rh8sAhadGADJbuWg69DdSJB3fd2/h5VvcEhnIfNPu9Ma5XmdkApDoTboIEsKZ4QLYwRl98w6w==",
      "license": "Apache-2.0",
      "dependencies": {
        "@react-aria/focus": "^3.20.2",
        "@react-aria/i18n": "^3.12.8",
        "@react-aria/interactions": "^3.25.0",
        "@react-aria/ssr": "^3.9.8",
        "@react-aria/utils": "^3.28.2",
        "@react-aria/visually-hidden": "^3.8.22",
        "@react-stately/overlays": "^3.6.15",
        "@react-types/button": "^3.12.0",
        "@react-types/overlays": "^3.8.14",
        "@react-types/shared": "^3.29.0",
        "@swc/helpers": "^0.5.0"
      },
      "peerDependencies": {
        "react": "^16.8.0 || ^17.0.0-rc.1 || ^18.0.0 || ^19.0.0-rc.1",
        "react-dom": "^16.8.0 || ^17.0.0-rc.1 || ^18.0.0 || ^19.0.0-rc.1"
      }
    },
    "node_modules/@react-aria/ssr": {
      "version": "3.9.8",
      "resolved": "https://registry.npmjs.org/@react-aria/ssr/-/ssr-3.9.8.tgz",
      "integrity": "sha512-lQDE/c9uTfBSDOjaZUJS8xP2jCKVk4zjQeIlCH90xaLhHDgbpCdns3xvFpJJujfj3nI4Ll9K7A+ONUBDCASOuw==",
      "license": "Apache-2.0",
      "dependencies": {
        "@swc/helpers": "^0.5.0"
      },
      "engines": {
        "node": ">= 12"
      },
      "peerDependencies": {
        "react": "^16.8.0 || ^17.0.0-rc.1 || ^18.0.0 || ^19.0.0-rc.1"
      }
    },
    "node_modules/@react-aria/toolbar": {
      "version": "3.0.0-beta.15",
      "resolved": "https://registry.npmjs.org/@react-aria/toolbar/-/toolbar-3.0.0-beta.15.tgz",
      "integrity": "sha512-PNGpNIKIsCW8rxI9XXSADlLrSpikILJKKECyTRw9KwvXDRc44pezvdjGHCNinQcKsQoy5BtkK5cTSAyVqzzTXQ==",
      "license": "Apache-2.0",
      "dependencies": {
        "@react-aria/focus": "^3.20.2",
        "@react-aria/i18n": "^3.12.8",
        "@react-aria/utils": "^3.28.2",
        "@react-types/shared": "^3.29.0",
        "@swc/helpers": "^0.5.0"
      },
      "peerDependencies": {
        "react": "^16.8.0 || ^17.0.0-rc.1 || ^18.0.0 || ^19.0.0-rc.1",
        "react-dom": "^16.8.0 || ^17.0.0-rc.1 || ^18.0.0 || ^19.0.0-rc.1"
      }
    },
    "node_modules/@react-aria/utils": {
      "version": "3.28.2",
      "resolved": "https://registry.npmjs.org/@react-aria/utils/-/utils-3.28.2.tgz",
      "integrity": "sha512-J8CcLbvnQgiBn54eeEvQQbIOfBF3A1QizxMw9P4cl9MkeR03ug7RnjTIdJY/n2p7t59kLeAB3tqiczhcj+Oi5w==",
      "license": "Apache-2.0",
      "dependencies": {
        "@react-aria/ssr": "^3.9.8",
        "@react-stately/flags": "^3.1.1",
        "@react-stately/utils": "^3.10.6",
        "@react-types/shared": "^3.29.0",
        "@swc/helpers": "^0.5.0",
        "clsx": "^2.0.0"
      },
      "peerDependencies": {
        "react": "^16.8.0 || ^17.0.0-rc.1 || ^18.0.0 || ^19.0.0-rc.1",
        "react-dom": "^16.8.0 || ^17.0.0-rc.1 || ^18.0.0 || ^19.0.0-rc.1"
      }
    },
    "node_modules/@react-aria/utils/node_modules/clsx": {
      "version": "2.1.1",
      "resolved": "https://registry.npmjs.org/clsx/-/clsx-2.1.1.tgz",
      "integrity": "sha512-eYm0QWBtUrBWZWG0d386OGAw16Z995PiOVo2B7bjWSbHedGl5e0ZWaq65kOGgUSNesEIDkB9ISbTg/JK9dhCZA==",
      "license": "MIT",
      "engines": {
        "node": ">=6"
      }
    },
    "node_modules/@react-aria/visually-hidden": {
      "version": "3.8.23",
      "resolved": "https://registry.npmjs.org/@react-aria/visually-hidden/-/visually-hidden-3.8.23.tgz",
      "integrity": "sha512-D37GHtAcxCck8BtCiGTNDniGqtldJuN0cRlW1PJ684zM4CdmkSPqKbt5IUKUfqheS9Vt7HxYsj1VREDW+0kaGA==",
      "license": "Apache-2.0",
      "dependencies": {
        "@react-aria/interactions": "^3.25.1",
        "@react-aria/utils": "^3.29.0",
        "@react-types/shared": "^3.29.1",
        "@swc/helpers": "^0.5.0"
      },
      "peerDependencies": {
        "react": "^16.8.0 || ^17.0.0-rc.1 || ^18.0.0 || ^19.0.0-rc.1",
        "react-dom": "^16.8.0 || ^17.0.0-rc.1 || ^18.0.0 || ^19.0.0-rc.1"
      }
    },
    "node_modules/@react-aria/visually-hidden/node_modules/@react-aria/interactions": {
      "version": "3.25.1",
      "resolved": "https://registry.npmjs.org/@react-aria/interactions/-/interactions-3.25.1.tgz",
      "integrity": "sha512-ntLrlgqkmZupbbjekz3fE/n3eQH2vhncx8gUp0+N+GttKWevx7jos11JUBjnJwb1RSOPgRUFcrluOqBp0VgcfQ==",
      "license": "Apache-2.0",
      "dependencies": {
        "@react-aria/ssr": "^3.9.8",
        "@react-aria/utils": "^3.29.0",
        "@react-stately/flags": "^3.1.1",
        "@react-types/shared": "^3.29.1",
        "@swc/helpers": "^0.5.0"
      },
      "peerDependencies": {
        "react": "^16.8.0 || ^17.0.0-rc.1 || ^18.0.0 || ^19.0.0-rc.1",
        "react-dom": "^16.8.0 || ^17.0.0-rc.1 || ^18.0.0 || ^19.0.0-rc.1"
      }
    },
    "node_modules/@react-aria/visually-hidden/node_modules/@react-aria/utils": {
      "version": "3.29.0",
      "resolved": "https://registry.npmjs.org/@react-aria/utils/-/utils-3.29.0.tgz",
      "integrity": "sha512-jSOrZimCuT1iKNVlhjIxDkAhgF7HSp3pqyT6qjg/ZoA0wfqCi/okmrMPiWSAKBnkgX93N8GYTLT3CIEO6WZe9Q==",
      "license": "Apache-2.0",
      "dependencies": {
        "@react-aria/ssr": "^3.9.8",
        "@react-stately/flags": "^3.1.1",
        "@react-stately/utils": "^3.10.6",
        "@react-types/shared": "^3.29.1",
        "@swc/helpers": "^0.5.0",
        "clsx": "^2.0.0"
      },
      "peerDependencies": {
        "react": "^16.8.0 || ^17.0.0-rc.1 || ^18.0.0 || ^19.0.0-rc.1",
        "react-dom": "^16.8.0 || ^17.0.0-rc.1 || ^18.0.0 || ^19.0.0-rc.1"
      }
    },
    "node_modules/@react-aria/visually-hidden/node_modules/@react-types/shared": {
      "version": "3.29.1",
      "resolved": "https://registry.npmjs.org/@react-types/shared/-/shared-3.29.1.tgz",
      "integrity": "sha512-KtM+cDf2CXoUX439rfEhbnEdAgFZX20UP2A35ypNIawR7/PFFPjQDWyA2EnClCcW/dLWJDEPX2U8+EJff8xqmQ==",
      "license": "Apache-2.0",
      "peerDependencies": {
        "react": "^16.8.0 || ^17.0.0-rc.1 || ^18.0.0 || ^19.0.0-rc.1"
      }
    },
    "node_modules/@react-aria/visually-hidden/node_modules/clsx": {
      "version": "2.1.1",
      "resolved": "https://registry.npmjs.org/clsx/-/clsx-2.1.1.tgz",
      "integrity": "sha512-eYm0QWBtUrBWZWG0d386OGAw16Z995PiOVo2B7bjWSbHedGl5e0ZWaq65kOGgUSNesEIDkB9ISbTg/JK9dhCZA==",
      "license": "MIT",
      "engines": {
        "node": ">=6"
      }
    },
    "node_modules/@react-stately/flags": {
      "version": "3.1.1",
      "resolved": "https://registry.npmjs.org/@react-stately/flags/-/flags-3.1.1.tgz",
      "integrity": "sha512-XPR5gi5LfrPdhxZzdIlJDz/B5cBf63l4q6/AzNqVWFKgd0QqY5LvWJftXkklaIUpKSJkIKQb8dphuZXDtkWNqg==",
      "license": "Apache-2.0",
      "dependencies": {
        "@swc/helpers": "^0.5.0"
      }
    },
    "node_modules/@react-stately/overlays": {
      "version": "3.6.16",
      "resolved": "https://registry.npmjs.org/@react-stately/overlays/-/overlays-3.6.16.tgz",
      "integrity": "sha512-+Ve/TBlUNg3otVC4ZfCq1a8q8FwC7xNebWkVOCGviTqiYodPCGqBwR9Z1xonuFLF/HuQYqALHHTOZtxceU+nVQ==",
      "license": "Apache-2.0",
      "dependencies": {
        "@react-stately/utils": "^3.10.6",
        "@react-types/overlays": "^3.8.15",
        "@swc/helpers": "^0.5.0"
      },
      "peerDependencies": {
        "react": "^16.8.0 || ^17.0.0-rc.1 || ^18.0.0 || ^19.0.0-rc.1"
      }
    },
    "node_modules/@react-stately/toggle": {
      "version": "3.8.3",
      "resolved": "https://registry.npmjs.org/@react-stately/toggle/-/toggle-3.8.3.tgz",
      "integrity": "sha512-4T2V3P1RK4zEFz4vJjUXUXyB0g4Slm6stE6Ry20fzDWjltuW42cD2lmrd7ccTO/CXFmHLECcXQLD4GEbOj0epA==",
      "license": "Apache-2.0",
      "dependencies": {
        "@react-stately/utils": "^3.10.6",
        "@react-types/checkbox": "^3.9.3",
        "@react-types/shared": "^3.29.0",
        "@swc/helpers": "^0.5.0"
      },
      "peerDependencies": {
        "react": "^16.8.0 || ^17.0.0-rc.1 || ^18.0.0 || ^19.0.0-rc.1"
      }
    },
    "node_modules/@react-stately/utils": {
      "version": "3.10.6",
      "resolved": "https://registry.npmjs.org/@react-stately/utils/-/utils-3.10.6.tgz",
      "integrity": "sha512-O76ip4InfTTzAJrg8OaZxKU4vvjMDOpfA/PGNOytiXwBbkct2ZeZwaimJ8Bt9W1bj5VsZ81/o/tW4BacbdDOMA==",
      "license": "Apache-2.0",
      "dependencies": {
        "@swc/helpers": "^0.5.0"
      },
      "peerDependencies": {
        "react": "^16.8.0 || ^17.0.0-rc.1 || ^18.0.0 || ^19.0.0-rc.1"
      }
    },
    "node_modules/@react-types/button": {
      "version": "3.12.1",
      "resolved": "https://registry.npmjs.org/@react-types/button/-/button-3.12.1.tgz",
      "integrity": "sha512-z87stl4llWTi4C5qhUK1PKcEsG59uF/ZQpkRhMzX0KfgXobJY6yiIrry2xrpnlTPIVST6K1+kARhhSDOZ8zhLw==",
      "license": "Apache-2.0",
      "dependencies": {
        "@react-types/shared": "^3.29.1"
      },
      "peerDependencies": {
        "react": "^16.8.0 || ^17.0.0-rc.1 || ^18.0.0 || ^19.0.0-rc.1"
      }
    },
    "node_modules/@react-types/button/node_modules/@react-types/shared": {
      "version": "3.29.1",
      "resolved": "https://registry.npmjs.org/@react-types/shared/-/shared-3.29.1.tgz",
      "integrity": "sha512-KtM+cDf2CXoUX439rfEhbnEdAgFZX20UP2A35ypNIawR7/PFFPjQDWyA2EnClCcW/dLWJDEPX2U8+EJff8xqmQ==",
      "license": "Apache-2.0",
      "peerDependencies": {
        "react": "^16.8.0 || ^17.0.0-rc.1 || ^18.0.0 || ^19.0.0-rc.1"
      }
    },
    "node_modules/@react-types/calendar": {
      "version": "3.7.1",
      "resolved": "https://registry.npmjs.org/@react-types/calendar/-/calendar-3.7.1.tgz",
      "integrity": "sha512-a/wGT9vZewPNL72Xni8T/gv4IS2w6iRtryqMF425OL+kaCQrxJYlkDxb74bQs9+k9ZYabrxJgz9vFcFnY7S9gw==",
      "license": "Apache-2.0",
      "dependencies": {
        "@internationalized/date": "^3.8.1",
        "@react-types/shared": "^3.29.1"
      },
      "peerDependencies": {
        "react": "^16.8.0 || ^17.0.0-rc.1 || ^18.0.0 || ^19.0.0-rc.1"
      }
    },
    "node_modules/@react-types/calendar/node_modules/@internationalized/date": {
      "version": "3.8.1",
      "resolved": "https://registry.npmjs.org/@internationalized/date/-/date-3.8.1.tgz",
      "integrity": "sha512-PgVE6B6eIZtzf9Gu5HvJxRK3ufUFz9DhspELuhW/N0GuMGMTLvPQNRkHP2hTuP9lblOk+f+1xi96sPiPXANXAA==",
      "license": "Apache-2.0",
      "dependencies": {
        "@swc/helpers": "^0.5.0"
      }
    },
    "node_modules/@react-types/calendar/node_modules/@react-types/shared": {
      "version": "3.29.1",
      "resolved": "https://registry.npmjs.org/@react-types/shared/-/shared-3.29.1.tgz",
      "integrity": "sha512-KtM+cDf2CXoUX439rfEhbnEdAgFZX20UP2A35ypNIawR7/PFFPjQDWyA2EnClCcW/dLWJDEPX2U8+EJff8xqmQ==",
      "license": "Apache-2.0",
      "peerDependencies": {
        "react": "^16.8.0 || ^17.0.0-rc.1 || ^18.0.0 || ^19.0.0-rc.1"
      }
    },
    "node_modules/@react-types/checkbox": {
      "version": "3.9.4",
      "resolved": "https://registry.npmjs.org/@react-types/checkbox/-/checkbox-3.9.4.tgz",
      "integrity": "sha512-fU3Q1Nw+zbXKm68ba8V7cQzpiX0rIiAUKrBTl2BK97QiTlGBDvMCf4TfEuaNoGbJq+gx+X3n/3yr6c3IAb0ZIg==",
      "license": "Apache-2.0",
      "dependencies": {
        "@react-types/shared": "^3.29.1"
      },
      "peerDependencies": {
        "react": "^16.8.0 || ^17.0.0-rc.1 || ^18.0.0 || ^19.0.0-rc.1"
      }
    },
    "node_modules/@react-types/checkbox/node_modules/@react-types/shared": {
      "version": "3.29.1",
      "resolved": "https://registry.npmjs.org/@react-types/shared/-/shared-3.29.1.tgz",
      "integrity": "sha512-KtM+cDf2CXoUX439rfEhbnEdAgFZX20UP2A35ypNIawR7/PFFPjQDWyA2EnClCcW/dLWJDEPX2U8+EJff8xqmQ==",
      "license": "Apache-2.0",
      "peerDependencies": {
        "react": "^16.8.0 || ^17.0.0-rc.1 || ^18.0.0 || ^19.0.0-rc.1"
      }
    },
    "node_modules/@react-types/datepicker": {
      "version": "3.12.0",
      "resolved": "https://registry.npmjs.org/@react-types/datepicker/-/datepicker-3.12.0.tgz",
      "integrity": "sha512-dw/xflOdQPQ3uEABaBrZRTvjsMRu5/VZjRx9ygc64sX2N7HKIt+foMPXKJ+1jhtki2p4gigNVjcnJndJHoj9SA==",
      "license": "Apache-2.0",
      "dependencies": {
        "@internationalized/date": "^3.8.0",
        "@react-types/calendar": "^3.7.0",
        "@react-types/overlays": "^3.8.14",
        "@react-types/shared": "^3.29.0"
      },
      "peerDependencies": {
        "react": "^16.8.0 || ^17.0.0-rc.1 || ^18.0.0 || ^19.0.0-rc.1"
      }
    },
    "node_modules/@react-types/overlays": {
      "version": "3.8.15",
      "resolved": "https://registry.npmjs.org/@react-types/overlays/-/overlays-3.8.15.tgz",
      "integrity": "sha512-ppDfezvVYOJDHLZmTSmIXajxAo30l2a1jjy4G65uBYy8J8kTZU7mcfQql5Pii1TwybcNMsayf2WtPItiWmJnOA==",
      "license": "Apache-2.0",
      "dependencies": {
        "@react-types/shared": "^3.29.1"
      },
      "peerDependencies": {
        "react": "^16.8.0 || ^17.0.0-rc.1 || ^18.0.0 || ^19.0.0-rc.1"
      }
    },
    "node_modules/@react-types/overlays/node_modules/@react-types/shared": {
      "version": "3.29.1",
      "resolved": "https://registry.npmjs.org/@react-types/shared/-/shared-3.29.1.tgz",
      "integrity": "sha512-KtM+cDf2CXoUX439rfEhbnEdAgFZX20UP2A35ypNIawR7/PFFPjQDWyA2EnClCcW/dLWJDEPX2U8+EJff8xqmQ==",
      "license": "Apache-2.0",
      "peerDependencies": {
        "react": "^16.8.0 || ^17.0.0-rc.1 || ^18.0.0 || ^19.0.0-rc.1"
      }
    },
    "node_modules/@react-types/shared": {
      "version": "3.29.0",
      "resolved": "https://registry.npmjs.org/@react-types/shared/-/shared-3.29.0.tgz",
      "integrity": "sha512-IDQYu/AHgZimObzCFdNl1LpZvQW/xcfLt3v20sorl5qRucDVj4S9os98sVTZ4IRIBjmS+MkjqpR5E70xan7ooA==",
      "license": "Apache-2.0",
      "peerDependencies": {
        "react": "^16.8.0 || ^17.0.0-rc.1 || ^18.0.0 || ^19.0.0-rc.1"
      }
    },
    "node_modules/@swc/helpers": {
      "version": "0.5.17",
      "resolved": "https://registry.npmjs.org/@swc/helpers/-/helpers-0.5.17.tgz",
      "integrity": "sha512-5IKx/Y13RsYd+sauPb2x+U/xZikHjolzfuDgTAl/Tdf3Q8rslRvC19NKDLgAJQ6wsqADk10ntlv08nPFw/gO/A==",
      "license": "Apache-2.0",
      "dependencies": {
        "tslib": "^2.8.0"
      }
    },
    "node_modules/clsx": {
      "version": "1.2.1",
      "resolved": "https://registry.npmjs.org/clsx/-/clsx-1.2.1.tgz",
      "integrity": "sha512-EcR6r5a8bj6pu3ycsa/E/cKVGuTgZJZdsyUYHOksG/UHIiKfjxzRxYJpyVBwYaQeOvghal9fcc4PidlgzugAQg==",
      "license": "MIT",
      "engines": {
        "node": ">=6"
      }
    },
    "node_modules/color": {
      "version": "4.2.3",
      "resolved": "https://registry.npmjs.org/color/-/color-4.2.3.tgz",
      "integrity": "sha512-1rXeuUUiGGrykh+CeBdu5Ie7OJwinCgQY0bc7GCRxy5xVHy+moaqkpL/jqQq0MtQOeYcrqEz4abc5f0KtU7W4A==",
      "license": "MIT",
      "peer": true,
      "dependencies": {
        "color-convert": "^2.0.1",
        "color-string": "^1.9.0"
      },
      "engines": {
        "node": ">=12.5.0"
      }
    },
    "node_modules/color-convert": {
      "version": "2.0.1",
      "resolved": "https://registry.npmjs.org/color-convert/-/color-convert-2.0.1.tgz",
      "integrity": "sha512-RRECPsj7iu/xb5oKYcsFHSppFNnsj/52OVTRKb4zP5onXwVF3zVmmToNcOfGC+CRDpfK/U584fMg38ZHCaElKQ==",
      "license": "MIT",
      "peer": true,
      "dependencies": {
        "color-name": "~1.1.4"
      },
      "engines": {
        "node": ">=7.0.0"
      }
    },
    "node_modules/color-name": {
      "version": "1.1.4",
      "resolved": "https://registry.npmjs.org/color-name/-/color-name-1.1.4.tgz",
      "integrity": "sha512-dOy+3AuW3a2wNbZHIuMZpTcgjGuLU/uBL/ubcZF9OXbDo8ff4O8yVp5Bf0efS8uEoYo5q4Fx7dY9OgQGXgAsQA==",
      "license": "MIT",
      "peer": true
    },
    "node_modules/color-string": {
      "version": "1.9.1",
      "resolved": "https://registry.npmjs.org/color-string/-/color-string-1.9.1.tgz",
      "integrity": "sha512-shrVawQFojnZv6xM40anx4CkoDP+fZsw/ZerEMsW/pyzsRbElpsL/DBVW7q3ExxwusdNXI3lXpuhEZkzs8p5Eg==",
      "license": "MIT",
      "peer": true,
      "dependencies": {
        "color-name": "^1.0.0",
        "simple-swizzle": "^0.2.2"
      }
    },
    "node_modules/color2k": {
      "version": "2.0.3",
      "resolved": "https://registry.npmjs.org/color2k/-/color2k-2.0.3.tgz",
      "integrity": "sha512-zW190nQTIoXcGCaU08DvVNFTmQhUpnJfVuAKfWqUQkflXKpaDdpaYoM0iluLS9lgJNHyBF58KKA2FBEwkD7wog==",
      "license": "MIT",
      "peer": true
    },
    "node_modules/decimal.js": {
      "version": "10.5.0",
      "resolved": "https://registry.npmjs.org/decimal.js/-/decimal.js-10.5.0.tgz",
      "integrity": "sha512-8vDa8Qxvr/+d94hSh5P3IJwI5t8/c0KsMp+g8bNw9cY2icONa5aPfvKeieW1WlG0WQYwwhJ7mjui2xtiePQSXw==",
      "license": "MIT"
    },
    "node_modules/deepmerge": {
      "version": "4.3.1",
      "resolved": "https://registry.npmjs.org/deepmerge/-/deepmerge-4.3.1.tgz",
      "integrity": "sha512-3sUqbMEc77XqpdNO7FRyRog+eW3ph+GYCbj+rK+uYyRMuwsVy0rMiVtPn+QJlKFvWP/1PYpapqYn0Me2knFn+A==",
      "license": "MIT",
      "peer": true,
      "engines": {
        "node": ">=0.10.0"
      }
    },
    "node_modules/flat": {
      "version": "5.0.2",
      "resolved": "https://registry.npmjs.org/flat/-/flat-5.0.2.tgz",
      "integrity": "sha512-b6suED+5/3rTpUBdG1gupIl8MPFCAMA0QXwmljLhvCUKcUvdE4gWky9zpuGCcXHOsz4J9wPGNWq6OKpmIzz3hQ==",
      "license": "BSD-3-Clause",
      "peer": true,
      "bin": {
        "flat": "cli.js"
      }
    },
    "node_modules/framer-motion": {
      "version": "12.15.0",
      "resolved": "https://registry.npmjs.org/framer-motion/-/framer-motion-12.15.0.tgz",
      "integrity": "sha512-XKg/LnKExdLGugZrDILV7jZjI599785lDIJZLxMiiIFidCsy0a4R2ZEf+Izm67zyOuJgQYTHOmodi7igQsw3vg==",
      "license": "MIT",
      "peer": true,
      "dependencies": {
        "motion-dom": "^12.15.0",
        "motion-utils": "^12.12.1",
        "tslib": "^2.4.0"
      },
      "peerDependencies": {
        "@emotion/is-prop-valid": "*",
        "react": "^18.0.0 || ^19.0.0",
        "react-dom": "^18.0.0 || ^19.0.0"
      },
      "peerDependenciesMeta": {
        "@emotion/is-prop-valid": {
          "optional": true
        },
        "react": {
          "optional": true
        },
        "react-dom": {
          "optional": true
        }
      }
    },
    "node_modules/intl-messageformat": {
      "version": "10.7.16",
      "resolved": "https://registry.npmjs.org/intl-messageformat/-/intl-messageformat-10.7.16.tgz",
      "integrity": "sha512-UmdmHUmp5CIKKjSoE10la5yfU+AYJAaiYLsodbjL4lji83JNvgOQUjGaGhGrpFCb0Uh7sl7qfP1IyILa8Z40ug==",
      "license": "BSD-3-Clause",
      "dependencies": {
        "@formatjs/ecma402-abstract": "2.3.4",
        "@formatjs/fast-memoize": "2.2.7",
        "@formatjs/icu-messageformat-parser": "2.11.2",
        "tslib": "^2.8.0"
      }
    },
    "node_modules/is-arrayish": {
      "version": "0.3.2",
      "resolved": "https://registry.npmjs.org/is-arrayish/-/is-arrayish-0.3.2.tgz",
      "integrity": "sha512-eVRqCvVlZbuw3GrM63ovNSNAeA1K16kaR/LRY/92w0zxQ5/1YzwblUX652i4Xs9RwAGjW9d9y6X88t8OaAJfWQ==",
      "license": "MIT",
      "peer": true
    },
    "node_modules/motion-dom": {
      "version": "12.15.0",
      "resolved": "https://registry.npmjs.org/motion-dom/-/motion-dom-12.15.0.tgz",
      "integrity": "sha512-D2ldJgor+2vdcrDtKJw48k3OddXiZN1dDLLWrS8kiHzQdYVruh0IoTwbJBslrnTXIPgFED7PBN2Zbwl7rNqnhA==",
      "license": "MIT",
      "peer": true,
      "dependencies": {
        "motion-utils": "^12.12.1"
      }
    },
    "node_modules/motion-utils": {
      "version": "12.12.1",
      "resolved": "https://registry.npmjs.org/motion-utils/-/motion-utils-12.12.1.tgz",
      "integrity": "sha512-f9qiqUHm7hWSLlNW8gS9pisnsN7CRFRD58vNjptKdsqFLpkVnX00TNeD6Q0d27V9KzT7ySFyK1TZ/DShfVOv6w==",
      "license": "MIT",
      "peer": true
    },
    "node_modules/react": {
      "version": "19.1.0",
      "resolved": "https://registry.npmjs.org/react/-/react-19.1.0.tgz",
      "integrity": "sha512-FS+XFBNvn3GTAWq26joslQgWNoFu08F4kl0J4CgdNKADkdSGXQyTCnKteIAJy96Br6YbpEU1LSzV5dYtjMkMDg==",
      "license": "MIT",
      "peer": true,
      "engines": {
        "node": ">=0.10.0"
      }
    },
    "node_modules/react-dom": {
      "version": "19.1.0",
      "resolved": "https://registry.npmjs.org/react-dom/-/react-dom-19.1.0.tgz",
      "integrity": "sha512-Xs1hdnE+DyKgeHJeJznQmYMIBG3TKIHJJT95Q58nHLSrElKlGQqDTR2HQ9fx5CN/Gk6Vh/kupBTDLU11/nDk/g==",
      "license": "MIT",
      "peer": true,
      "dependencies": {
        "scheduler": "^0.26.0"
      },
      "peerDependencies": {
        "react": "^19.1.0"
      }
    },
    "node_modules/scheduler": {
      "version": "0.26.0",
      "resolved": "https://registry.npmjs.org/scheduler/-/scheduler-0.26.0.tgz",
      "integrity": "sha512-NlHwttCI/l5gCPR3D1nNXtWABUmBwvZpEQiD4IXSbIDq8BzLIK/7Ir5gTFSGZDUu37K5cMNp0hFtzO38sC7gWA==",
      "license": "MIT",
      "peer": true
    },
    "node_modules/simple-swizzle": {
      "version": "0.2.2",
      "resolved": "https://registry.npmjs.org/simple-swizzle/-/simple-swizzle-0.2.2.tgz",
      "integrity": "sha512-JA//kQgZtbuY83m+xT+tXJkmJncGMTFT+C+g2h2R9uxkYIrE2yy9sgmcLhCnw57/WSD+Eh3J97FPEDFnbXnDUg==",
      "license": "MIT",
      "peer": true,
      "dependencies": {
        "is-arrayish": "^0.3.1"
      }
    },
    "node_modules/tailwind-merge": {
      "version": "2.5.4",
      "resolved": "https://registry.npmjs.org/tailwind-merge/-/tailwind-merge-2.5.4.tgz",
      "integrity": "sha512-0q8cfZHMu9nuYP/b5Shb7Y7Sh1B7Nnl5GqNr1U+n2p6+mybvRtayrQ+0042Z5byvTA8ihjlP8Odo8/VnHbZu4Q==",
      "license": "MIT",
      "peer": true,
      "funding": {
        "type": "github",
        "url": "https://github.com/sponsors/dcastil"
      }
    },
    "node_modules/tailwind-variants": {
      "version": "0.3.0",
      "resolved": "https://registry.npmjs.org/tailwind-variants/-/tailwind-variants-0.3.0.tgz",
      "integrity": "sha512-ho2k5kn+LB1fT5XdNS3Clb96zieWxbStE9wNLK7D0AV64kdZMaYzAKo0fWl6fXLPY99ffF9oBJnIj5escEl/8A==",
      "license": "MIT",
      "peer": true,
      "dependencies": {
        "tailwind-merge": "^2.5.4"
      },
      "engines": {
        "node": ">=16.x",
        "pnpm": ">=7.x"
      },
      "peerDependencies": {
        "tailwindcss": "*"
      }
    },
    "node_modules/tailwindcss": {
      "version": "4.1.8",
      "resolved": "https://registry.npmjs.org/tailwindcss/-/tailwindcss-4.1.8.tgz",
      "integrity": "sha512-kjeW8gjdxasbmFKpVGrGd5T4i40mV5J2Rasw48QARfYeQ8YS9x02ON9SFWax3Qf616rt4Cp3nVNIj6Hd1mP3og==",
      "license": "MIT",
      "peer": true
    },
    "node_modules/tslib": {
      "version": "2.8.1",
      "resolved": "https://registry.npmjs.org/tslib/-/tslib-2.8.1.tgz",
      "integrity": "sha512-oJFu94HQb+KVduSUQL7wnpmqnfmLsOA/nAh6b6EH0wCEoK0/mPeXU6c3wKDV83MkOuHPRHtSXKKU99IBazS/2w==",
      "license": "0BSD"
    }
  }
}
